
Microsoft Visual Studio Solution File, Format Version 12.00
# Visual Studio Version 16
VisualStudioVersion = 16.0.28917.182
MinimumVisualStudioVersion = 10.0.40219.1
Project("{FAE04EC0-301F-11D3-BF4B-00C04F79EFBC}") = "POS", "POS\POS.csproj", "{1D661952-BE09-4E52-89F0-D4919B4CFE24}"
EndProject
Global
	GlobalSection(SolutionConfigurationPlatforms) = preSolution
		Debug|Any CPU = Debug|Any CPU
		Release|Any CPU = Release|Any CPU
	EndGlobalSection
	GlobalSection(ProjectConfigurationPlatforms) = postSolution
		{1D661952-BE09-4E52-89F0-D4919B4CFE24}.Debug|Any CPU.ActiveCfg = Debug|Any CPU
		{1D661952-BE09-4E52-89F0-D4919B4CFE24}.Debug|Any CPU.Build.0 = Debug|Any CPU
		{1D661952-BE09-4E52-89F0-D4919B4CFE24}.Release|Any CPU.ActiveCfg = Release|Any CPU
		{1D661952-BE09-4E52-89F0-D4919B4CFE24}.Release|Any CPU.Build.0 = Release|Any CPU
	EndGlobalSection
	GlobalSection(SolutionProperties) = preSolution
		HideSolutionNode = FALSE
	EndGlobalSection
	GlobalSection(ExtensibilityGlobals) = postSolution
		SolutionGuid = {C57F07E4-7BE8-4A8A-85C3-5ADAD0F055D2}
	EndGlobalSection
EndGlobal
